hash: 8e5cc596355a247e902401084810dc39ce6bb2d367e3879cf6342c628f380ac3
updated: 2016-08-10T15:02:17.85749912+09:00
imports:
- name: github.com/cloudfoundry-incubator/candiedyaml
  version: bf5b32df922e817c31a09bab869739795b6d4bc3
- name: github.com/davecgh/go-spew
  version: bf5b32df922e817c31a09bab869739795b6d4bc3
  subpackages:
  - spew
- name: github.com/ghodss/yaml
  version: aa0c862057666179de291b67d9f093d12b5a8473
- name: github.com/go-sql-driver/mysql
  version: 0b58b37b664c21f3010e836f1b931e1d0b0b0685
- name: github.com/jessevdk/go-flags
  version: 37c8226983775d404b6edfebd44be1078bd0fe95
- name: github.com/lestrrat/go-jshschema
  version: 4514acd168a63041862eb3d223a09a789cae6b3b
- name: github.com/lestrrat/go-jspointer
  version: bf5b32df922e817c31a09bab869739795b6d4bc3
- name: github.com/lestrrat/go-jsref
  version: bf5b32df922e817c31a09bab869739795b6d4bc3
  subpackages:
  - provider
- name: github.com/lestrrat/go-jsschema
  version: 11d77795c46fddef820f19650cb364803cd67f3f
- name: github.com/lestrrat/go-pdebug
  version: bf5b32df922e817c31a09bab869739795b6d4bc3
- name: github.com/lestrrat/go-structinfo
  version: bf5b32df922e817c31a09bab869739795b6d4bc3
- name: github.com/pkg/errors
  version: 01fa4104b9c248c8945d14d9f128454d5b28d595
- name: github.com/urfave/cli
  version: 1efa31f08b9333f1bd4882d61f9d668a70cd902e
testImports: []
